{
  "lockfileVersion": 1,
  "configVersion": 1,
  "workspaces": {
    "": {
      "name": "message-preview",
      "dependencies": {
        "marked": "18.0.3",
      },
    },
  },
  "packages": {
    "marked": ["marked@18.0.3", "", { "bin": { "marked": "bin/marked.js" } }, "sha512-7VT90JOkDeaRWpfjOReRGPEKn0ecdARBkDGL+tT1wZY0efPPqkUxLUSmzy/C7TIylQYJC9STISEsCHrqb/7VIA=="],
  }
}
