{
  "lockfileVersion": 1,
  "configVersion": 1,
  "workspaces": {
    "": {
      "name": "message-preview",
      "dependencies": {
        "marked": "^14.1.0",
      },
    },
  },
  "packages": {
    "marked": ["marked@14.1.4", "", { "bin": { "marked": "bin/marked.js" } }, "sha512-vkVZ8ONmUdPnjCKc5uTRvmkRbx4EAi2OkTOXmfTDhZz3OFqMNBM1oTTWwTr4HY4uAEojhzPf+Fy8F1DWa3Sndg=="],
  }
}
